
Microsoft Visual Studio Solution File, Format Version 12.00
# Visual Studio Version 16
VisualStudioVersion = 16.0.30128.74
MinimumVisualStudioVersion = 10.0.40219.1
Project("{8BC9CEB8-8B4A-11D0-8D11-00A0C91BC942}") = "View_Scoreboard", "View_Scoreboard\View_Scoreboard.vcxproj", "{227B76F8-B4CF-4461-8D47-96F05FD0A627}"
EndProject
Project("{8BC9CEB8-8B4A-11D0-8D11-00A0C91BC942}") = "Export_Scoreboard", "Export_Scoreboard\Export_Scoreboard.vcxproj", "{E0FBBDBD-27CB-45CC-A5B1-3A02EC72B50D}"
EndProject
Project("{8BC9CEB8-8B4A-11D0-8D11-00A0C91BC942}") = "Import_Scoreboard", "Import_Scoreboard\Import_Scoreboard.vcxproj", "{140110AA-F2E0-4072-B8FC-0B665F310A60}"
EndProject
Project("{8BC9CEB8-8B4A-11D0-8D11-00A0C91BC942}") = "View_Scoreboard_Lecturer", "View_Scoreboard_Lecturer\View_Scoreboard_Lecturer.vcxproj", "{65218287-EEA2-42CB-8CC8-85B5176A6C93}"
EndProject
Global
	GlobalSection(SolutionConfigurationPlatforms) = preSolution
		Debug|x64 = Debug|x64
		Debug|x86 = Debug|x86
		Release|x64 = Release|x64
		Release|x86 = Release|x86
	EndGlobalSection
	GlobalSection(ProjectConfigurationPlatforms) = postSolution
		{227B76F8-B4CF-4461-8D47-96F05FD0A627}.Debug|x64.ActiveCfg = Debug|x64
		{227B76F8-B4CF-4461-8D47-96F05FD0A627}.Debug|x64.Build.0 = Debug|x64
		{227B76F8-B4CF-4461-8D47-96F05FD0A627}.Debug|x86.ActiveCfg = Debug|Win32
		{227B76F8-B4CF-4461-8D47-96F05FD0A627}.Debug|x86.Build.0 = Debug|Win32
		{227B76F8-B4CF-4461-8D47-96F05FD0A627}.Release|x64.ActiveCfg = Release|x64
		{227B76F8-B4CF-4461-8D47-96F05FD0A627}.Release|x64.Build.0 = Release|x64
		{227B76F8-B4CF-4461-8D47-96F05FD0A627}.Release|x86.ActiveCfg = Release|Win32
		{227B76F8-B4CF-4461-8D47-96F05FD0A627}.Release|x86.Build.0 = Release|Win32
		{E0FBBDBD-27CB-45CC-A5B1-3A02EC72B50D}.Debug|x64.ActiveCfg = Debug|x64
		{E0FBBDBD-27CB-45CC-A5B1-3A02EC72B50D}.Debug|x64.Build.0 = Debug|x64
		{E0FBBDBD-27CB-45CC-A5B1-3A02EC72B50D}.Debug|x86.ActiveCfg = Debug|Win32
		{E0FBBDBD-27CB-45CC-A5B1-3A02EC72B50D}.Debug|x86.Build.0 = Debug|Win32
		{E0FBBDBD-27CB-45CC-A5B1-3A02EC72B50D}.Release|x64.ActiveCfg = Release|x64
		{E0FBBDBD-27CB-45CC-A5B1-3A02EC72B50D}.Release|x64.Build.0 = Release|x64
		{E0FBBDBD-27CB-45CC-A5B1-3A02EC72B50D}.Release|x86.ActiveCfg = Release|Win32
		{E0FBBDBD-27CB-45CC-A5B1-3A02EC72B50D}.Release|x86.Build.0 = Release|Win32
		{140110AA-F2E0-4072-B8FC-0B665F310A60}.Debug|x64.ActiveCfg = Debug|x64
		{140110AA-F2E0-4072-B8FC-0B665F310A60}.Debug|x64.Build.0 = Debug|x64
		{140110AA-F2E0-4072-B8FC-0B665F310A60}.Debug|x86.ActiveCfg = Debug|Win32
		{140110AA-F2E0-4072-B8FC-0B665F310A60}.Debug|x86.Build.0 = Debug|Win32
		{140110AA-F2E0-4072-B8FC-0B665F310A60}.Release|x64.ActiveCfg = Release|x64
		{140110AA-F2E0-4072-B8FC-0B665F310A60}.Release|x64.Build.0 = Release|x64
		{140110AA-F2E0-4072-B8FC-0B665F310A60}.Release|x86.ActiveCfg = Release|Win32
		{140110AA-F2E0-4072-B8FC-0B665F310A60}.Release|x86.Build.0 = Release|Win32
		{65218287-EEA2-42CB-8CC8-85B5176A6C93}.Debug|x64.ActiveCfg = Debug|x64
		{65218287-EEA2-42CB-8CC8-85B5176A6C93}.Debug|x64.Build.0 = Debug|x64
		{65218287-EEA2-42CB-8CC8-85B5176A6C93}.Debug|x86.ActiveCfg = Debug|Win32
		{65218287-EEA2-42CB-8CC8-85B5176A6C93}.Debug|x86.Build.0 = Debug|Win32
		{65218287-EEA2-42CB-8CC8-85B5176A6C93}.Release|x64.ActiveCfg = Release|x64
		{65218287-EEA2-42CB-8CC8-85B5176A6C93}.Release|x64.Build.0 = Release|x64
		{65218287-EEA2-42CB-8CC8-85B5176A6C93}.Release|x86.ActiveCfg = Release|Win32
		{65218287-EEA2-42CB-8CC8-85B5176A6C93}.Release|x86.Build.0 = Release|Win32
	EndGlobalSection
	GlobalSection(SolutionProperties) = preSolution
		HideSolutionNode = FALSE
	EndGlobalSection
	GlobalSection(ExtensibilityGlobals) = postSolution
		SolutionGuid = {920821EB-172D-4138-A7DB-BD12509BCC7B}
	EndGlobalSection
EndGlobal
